
Microsoft Visual Studio Solution File, Format Version 12.00
# Visual Studio 14
VisualStudioVersion = 14.0.25420.1
MinimumVisualStudioVersion = 10.0.40219.1
Project("{FAE04EC0-301F-11D3-BF4B-00C04F79EFBC}") = "Grafo_ou_Digrafo_Matriz", "Grafo_ou_Digrafo_Matriz\Grafo_ou_Digrafo_Matriz.csproj", "{351DAC77-9184-49D5-91FF-5A5324053741}"
EndProject
Global
	GlobalSection(SolutionConfigurationPlatforms) = preSolution
		Debug|Any CPU = Debug|Any CPU
		Release|Any CPU = Release|Any CPU
	EndGlobalSection
	GlobalSection(ProjectConfigurationPlatforms) = postSolution
		{351DAC77-9184-49D5-91FF-5A5324053741}.Debug|Any CPU.ActiveCfg = Debug|Any CPU
		{351DAC77-9184-49D5-91FF-5A5324053741}.Debug|Any CPU.Build.0 = Debug|Any CPU
		{351DAC77-9184-49D5-91FF-5A5324053741}.Release|Any CPU.ActiveCfg = Release|Any CPU
		{351DAC77-9184-49D5-91FF-5A5324053741}.Release|Any CPU.Build.0 = Release|Any CPU
	EndGlobalSection
	GlobalSection(SolutionProperties) = preSolution
		HideSolutionNode = FALSE
	EndGlobalSection
EndGlobal
